github.com/dgrijalva/jwt-go v2.7.0+incompatible h1:54T2qn/iIwjg7JGrMsKD3WID0+CaYUrJgyXDM5ckYLk=
github.com/dgrijalva/jwt-go v2.7.0+incompatible/go.mod h1:E3ru+11k8xSBh+hMPgOLZmtrrCbhqsmaPHjLKYnJCaQ=
github.com/emicklei/go-restful v1.1.3 h1:KOKLkEASmIa2roa2xEV6WkADqyWrok5dt3TOMMHF1fE=
github.com/emicklei/go-restful v1.1.3/go.mod h1:otzb+WCGbkyDHkqmQmT5YD2WR4BBwUdeQoFo8l/7tVs=
github.com/gogo/protobuf v0.0.0-20150914153205-43ab7f0ec7b6 h1:YWJyfKeQPmOvcxsk+4OAV4eu8NpS2PEwy0mVMPeD9uA=
github.com/gogo/protobuf v0.0.0-20150914153205-43ab7f0ec7b6/go.mod h1:r8qH/GZQm5c6nD/R0oafs1akxWv10x8SbQlK7atdtwQ=
github.com/golang/glog v0.0.0-20150731225221-fca8c8854093 h1:Tl51hU0OQR50twFN/eA85c8wIBwPhi3IkRTufxbxMcY=
github.com/golang/glog v0.0.0-20150731225221-fca8c8854093/go.mod h1:SBH7ygxi8pfUlaOkMMuAQtPIUF8ecWP5IEl/CR7VP2Q=
github.com/kylelemons/godebug v0.0.0-20150519154555-21cb3784d9bd h1:fQAexocAuf0oCEyjbn9Gd1GpkBkJjznx3ltKeDNdtrc=
github.com/kylelemons/godebug v0.0.0-20150519154555-21cb3784d9bd/go.mod h1:B69LEHPfb2qLo0BaaOLcbitczOKLWTsrBG9LczfCD4k=
github.com/mesos/mesos-go v0.0.3-0.20150930144802-068d5470506e h1:T6vlRQ7mbmHEkrkku4q++6VqFKJtOE3TnRoWMOOTFH4=
github.com/mesos/mesos-go v0.0.3-0.20150930144802-068d5470506e/go.mod h1:kPYCMQ9gsOXVAle1OsoY4I1+9kPu8GHkf88aV59fDr4=
github.com/miekg/dns v1.0.15 h1:9+UupePBQCG6zf1q/bGmTO1vumoG13jsrbWOSX1W6Tw=
github.com/miekg/dns v1.0.15/go.mod h1:W1PPwlIAgtquWBMBEV9nkV9Cazfe8ScdGz/Lj7v3Nrg=
github.com/samuel/go-zookeeper v0.0.0-20201211165307-7117e9ea2414 h1:AJNDS0kP60X8wwWFvbLPwDuojxubj9pbfK7pjHw0vKg=
github.com/samuel/go-zookeeper v0.0.0-20201211165307-7117e9ea2414/go.mod h1:gi+0XIa01GRL2eRQVjQkKGqKF3SF9vZR/HnPullcV2E=
github.com/stretchr/objx v0.0.0-20140526180921-cbeaeb16a013 h1:lg5xphrNMF4T2GfLhtXOhFrTn5ZmPRUOWXvCLOattFY=
github.com/stretchr/objx v0.0.0-20140526180921-cbeaeb16a013/go.mod h1:HFkY916IF+rwdDfMAkV7OtwuqBVzrE8GR6GFx+wExME=
github.com/stretchr/testify v0.0.0-20150914093255-b8dc1cecf15b h1:g89I92NUqEeCJv13tO0St7iOrnFIcpHqQgbEXDsHSGc=
github.com/stretchr/testify v0.0.0-20150914093255-b8dc1cecf15b/go.mod h1:a8OnRcib4nhh0OaRAV+Yts87kKdq0PP7pXfy6kDkUVs=
github.com/tv42/zbase32 v0.0.0-20150911225513-03389da7e0bf h1:YHk42qEP5q7T6kZMpqUW490XiEVPkJRfJw9uRncGXi4=
github.com/tv42/zbase32 v0.0.0-20150911225513-03389da7e0bf/go.mod h1:tHlrkM198S068ZqfrO6S8HsoJq2bF3ETfTL+kt4tInY=
golang.org/x/crypto v0.0.0-20181203042331-505ab145d0a9 h1:mKdxBk7AujPs8kU4m80U72y/zjbZ3UcXC7dClwKbUI0=
golang.org/x/crypto v0.0.0-20181203042331-505ab145d0a9/go.mod h1:6SG95UA2DQfeDnfUPMdvaQW0Q7yPrPDi9nlGo2tz2b4=
golang.org/x/net v0.0.0-20181207154023-610586996380 h1:zPQexyRtNYBc7bcHmehl1dH6TB3qn8zytv8cBGLDNY0=
golang.org/x/net v0.0.0-20181207154023-610586996380/go.mod h1:mL1N/T3taQHkDXs73rZJwtUhF3w3ftmwwsq0BUmARs4=
golang.org/x/sync v0.0.0-20210220032951-036812b2e83c h1:5KslGYwFpkhGh+Q16bwMP3cOontH8FOep7tGV86Y7SQ=
golang.org/x/sync v0.0.0-20210220032951-036812b2e83c/go.mod h1:RxMgew5VJxzue5/jJTE5uejpjVlOe/izrB70Jof72aM=
golang.org/x/sys v0.0.0-20181210030007-2a47403f2ae5 h1:SlFRMb9PEnqzqnBRCynVOhxv4vHjB2lnIoxK6p5nzFM=
golang.org/x/sys v0.0.0-20181210030007-2a47403f2ae5/go.mod h1:STP8DvDyc/dI5b8T5hshtkjS+E42TnysNCUPdjciGhY=
